// !$*UTF8*$!
{
	archiveVersion = 1;
	classes = {
	};
	objectVersion = 46;
	objects = {

/* Begin PBXBuildFile section */
		F7DC12F61BB8924900A73687 /* AppDelegate.swift in Sources */ = {isa = PBXBuildFile; fileRef = F7DC12F51BB8924900A73687 /* AppDelegate.swift */; };
		F7DC12F81BB8924900A73687 /* LoginViewController.swift in Sources */ = {isa = PBXBuildFile; fileRef = F7DC12F71BB8924900A73687 /* LoginViewController.swift */; };
		F7DC12FB1BB8924900A73687 /* Main.storyboard in Resources */ = {isa = PBXBuildFile; fileRef = F7DC12F91BB8924900A73687 /* Main.storyboard */; };
		F7DC12FD1BB8924900A73687 /* Images.xcassets in Resources */ = {isa = PBXBuildFile; fileRef = F7DC12FC1BB8924900A73687 /* Images.xcassets */; };
		F7DC13001BB8924900A73687 /* LaunchScreen.xib in Resources */ = {isa = PBXBuildFile; fileRef = F7DC12FE1BB8924900A73687 /* LaunchScreen.xib */; };
		F7DC130C1BB8924A00A73687 /* OnTheMapTests.swift in Sources */ = {isa = PBXBuildFile; fileRef = F7DC130B1BB8924A00A73687 /* OnTheMapTests.swift */; };
		F7DC13191BB9437000A73687 /* UdacityClient.swift in Sources */ = {isa = PBXBuildFile; fileRef = F7DC13181BB9437000A73687 /* UdacityClient.swift */; };
		F7DC131A1BB9437000A73687 /* UdacityClient.swift in Sources */ = {isa = PBXBuildFile; fileRef = F7DC13181BB9437000A73687 /* UdacityClient.swift */; };
		F7DC131C1BB9438000A73687 /* ParseClient.swift in Sources */ = {isa = PBXBuildFile; fileRef = F7DC131B1BB9438000A73687 /* ParseClient.swift */; };
		F7DC131D1BB9438000A73687 /* ParseClient.swift in Sources */ = {isa = PBXBuildFile; fileRef = F7DC131B1BB9438000A73687 /* ParseClient.swift */; };
		F7DC131F1BB94FA300A73687 /* StudentInformation.swift in Sources */ = {isa = PBXBuildFile; fileRef = F7DC131E1BB94FA300A73687 /* StudentInformation.swift */; };
		F7DC13201BB94FA300A73687 /* StudentInformation.swift in Sources */ = {isa = PBXBuildFile; fileRef = F7DC131E1BB94FA300A73687 /* StudentInformation.swift */; };
		F7DC13241BBA063100A73687 /* Roboto-Medium.ttf in Resources */ = {isa = PBXBuildFile; fileRef = F7DC13211BBA063100A73687 /* Roboto-Medium.ttf */; };
		F7DC13251BBA063100A73687 /* Roboto-Medium.ttf in Resources */ = {isa = PBXBuildFile; fileRef = F7DC13211BBA063100A73687 /* Roboto-Medium.ttf */; };
		F7DC13261BBA063100A73687 /* Roboto-Regular.ttf in Resources */ = {isa = PBXBuildFile; fileRef = F7DC13221BBA063100A73687 /* Roboto-Regular.ttf */; };
		F7DC13271BBA063100A73687 /* Roboto-Regular.ttf in Resources */ = {isa = PBXBuildFile; fileRef = F7DC13221BBA063100A73687 /* Roboto-Regular.ttf */; };
		F7DC13281BBA063100A73687 /* Roboto-Thin.ttf in Resources */ = {isa = PBXBuildFile; fileRef = F7DC13231BBA063100A73687 /* Roboto-Thin.ttf */; };
		F7DC13291BBA063100A73687 /* Roboto-Thin.ttf in Resources */ = {isa = PBXBuildFile; fileRef = F7DC13231BBA063100A73687 /* Roboto-Thin.ttf */; };
		F7DC132B1BBA0F2500A73687 /* UdacityConstants.swift in Sources */ = {isa = PBXBuildFile; fileRef = F7DC132A1BBA0F2500A73687 /* UdacityConstants.swift */; };
		F7DC132C1BBA0F2500A73687 /* UdacityConstants.swift in Sources */ = {isa = PBXBuildFile; fileRef = F7DC132A1BBA0F2500A73687 /* UdacityConstants.swift */; };
		F7DC132E1BBA21B500A73687 /* LoginViewController.swift in Sources */ = {isa = PBXBuildFile; fileRef = F7DC12F71BB8924900A73687 /* LoginViewController.swift */; };
		F7DC13301BBCA9C500A73687 /* MapKit.framework in Frameworks */ = {isa = PBXBuildFile; fileRef = F7DC132F1BBCA9C500A73687 /* MapKit.framework */; };
		F7DC13321BBCAA9600A73687 /* MapViewController.swift in Sources */ = {isa = PBXBuildFile; fileRef = F7DC13311BBCAA9600A73687 /* MapViewController.swift */; };
		F7DC13331BBCAA9600A73687 /* MapViewController.swift in Sources */ = {isa = PBXBuildFile; fileRef = F7DC13311BBCAA9600A73687 /* MapViewController.swift */; };
		F7DC13381BBDF1F300A73687 /* TabBarController.swift in Sources */ = {isa = PBXBuildFile; fileRef = F7DC13371BBDF1F300A73687 /* TabBarController.swift */; };
		F7DC13391BBDF1F300A73687 /* TabBarController.swift in Sources */ = {isa = PBXBuildFile; fileRef = F7DC13371BBDF1F300A73687 /* TabBarController.swift */; };
		F7DC133C1BBDF7AE00A73687 /* ParseConstants.swift in Sources */ = {isa = PBXBuildFile; fileRef = F7DC133B1BBDF7AE00A73687 /* ParseConstants.swift */; };
		F7DC133D1BBDF7AE00A73687 /* ParseConstants.swift in Sources */ = {isa = PBXBuildFile; fileRef = F7DC133B1BBDF7AE00A73687 /* ParseConstants.swift */; };
		F7DC133F1BC0412200A73687 /* ListViewController.swift in Sources */ = {isa = PBXBuildFile; fileRef = F7DC133E1BC0412200A73687 /* ListViewController.swift */; };
		F7DC13401BC0412200A73687 /* ListViewController.swift in Sources */ = {isa = PBXBuildFile; fileRef = F7DC133E1BC0412200A73687 /* ListViewController.swift */; };
		F7DC13421BC075ED00A73687 /* OnTheMapController.swift in Sources */ = {isa = PBXBuildFile; fileRef = F7DC13411BC075ED00A73687 /* OnTheMapController.swift */; };
		F7DC13431BC075ED00A73687 /* OnTheMapController.swift in Sources */ = {isa = PBXBuildFile; fileRef = F7DC13411BC075ED00A73687 /* OnTheMapController.swift */; };
		F7DC13451BC087C100A73687 /* InformationPostingViewController.swift in Sources */ = {isa = PBXBuildFile; fileRef = F7DC13441BC087C100A73687 /* InformationPostingViewController.swift */; };
		F7DC13461BC087C100A73687 /* InformationPostingViewController.swift in Sources */ = {isa = PBXBuildFile; fileRef = F7DC13441BC087C100A73687 /* InformationPostingViewController.swift */; };
		F7DC13551BC0DF2500A73687 /* FBSDKCoreKit.framework in Frameworks */ = {isa = PBXBuildFile; fileRef = F7DC13541BC0DF2500A73687 /* FBSDKCoreKit.framework */; };
		F7DC13561BC0DF2500A73687 /* FBSDKCoreKit.framework in Frameworks */ = {isa = PBXBuildFile; fileRef = F7DC13541BC0DF2500A73687 /* FBSDKCoreKit.framework */; };
		F7DC13581BC0DF5100A73687 /* FBSDKLoginKit.framework in Frameworks */ = {isa = PBXBuildFile; fileRef = F7DC13571BC0DF5100A73687 /* FBSDKLoginKit.framework */; };
		F7DC13591BC0DF5100A73687 /* FBSDKLoginKit.framework in Frameworks */ = {isa = PBXBuildFile; fileRef = F7DC13571BC0DF5100A73687 /* FBSDKLoginKit.framework */; };
		F7DC135B1BC0DF5D00A73687 /* Bolts.framework in Frameworks */ = {isa = PBXBuildFile; fileRef = F7DC135A1BC0DF5D00A73687 /* Bolts.framework */; };
		F7DC135C1BC0DF5D00A73687 /* Bolts.framework in Frameworks */ = {isa = PBXBuildFile; fileRef = F7DC135A1BC0DF5D00A73687 /* Bolts.framework */; };
/* End PBXBuildFile section */

/* Begin PBXContainerItemProxy section */
		F7DC13061BB8924A00A73687 /* PBXContainerItemProxy */ = {
			isa = PBXContainerItemProxy;
			containerPortal = F7DC12E81BB8924900A73687 /* Project object */;
			proxyType = 1;
			remoteGlobalIDString = F7DC12EF1BB8924900A73687;
			remoteInfo = OnTheMap;
		};
/* End PBXContainerItemProxy section */

/* Begin PBXFileReference section */
		F7DC12F01BB8924900A73687 /* OnTheMap.app */ = {isa = PBXFileReference; explicitFileType = wrapper.application; includeInIndex = 0; path = OnTheMap.app; sourceTree = BUILT_PRODUCTS_DIR; };
		F7DC12F41BB8924900A73687 /* Info.plist */ = {isa = PBXFileReference; lastKnownFileType = text.plist.xml; path = Info.plist; sourceTree = "<group>"; };
		F7DC12F51BB8924900A73687 /* AppDelegate.swift */ = {isa = PBXFileReference; lastKnownFileType = sourcecode.swift; path = AppDelegate.swift; sourceTree = "<group>"; };
		F7DC12F71BB8924900A73687 /* LoginViewController.swift */ = {isa = PBXFileReference; lastKnownFileType = sourcecode.swift; path = LoginViewController.swift; sourceTree = "<group>"; };
		F7DC12FA1BB8924900A73687 /* Base */ = {isa = PBXFileReference; lastKnownFileType = file.storyboard; name = Base; path = Base.lproj/Main.storyboard; sourceTree = "<group>"; };
		F7DC12FC1BB8924900A73687 /* Images.xcassets */ = {isa = PBXFileReference; lastKnownFileType = folder.assetcatalog; path = Images.xcassets; sourceTree = "<group>"; };
		F7DC12FF1BB8924900A73687 /* Base */ = {isa = PBXFileReference; lastKnownFileType = file.xib; name = Base; path = Base.lproj/LaunchScreen.xib; sourceTree = "<group>"; };
		F7DC13051BB8924A00A73687 /* OnTheMapTests.xctest */ = {isa = PBXFileReference; explicitFileType = wrapper.cfbundle; includeInIndex = 0; path = OnTheMapTests.xctest; sourceTree = BUILT_PRODUCTS_DIR; };
		F7DC130A1BB8924A00A73687 /* Info.plist */ = {isa = PBXFileReference; lastKnownFileType = text.plist.xml; path = Info.plist; sourceTree = "<group>"; };
		F7DC130B1BB8924A00A73687 /* OnTheMapTests.swift */ = {isa = PBXFileReference; lastKnownFileType = sourcecode.swift; path = OnTheMapTests.swift; sourceTree = "<group>"; };
		F7DC13181BB9437000A73687 /* UdacityClient.swift */ = {isa = PBXFileReference; fileEncoding = 4; lastKnownFileType = sourcecode.swift; path = UdacityClient.swift; sourceTree = "<group>"; };
		F7DC131B1BB9438000A73687 /* ParseClient.swift */ = {isa = PBXFileReference; fileEncoding = 4; lastKnownFileType = sourcecode.swift; path = ParseClient.swift; sourceTree = "<group>"; };
		F7DC131E1BB94FA300A73687 /* StudentInformation.swift */ = {isa = PBXFileReference; fileEncoding = 4; lastKnownFileType = sourcecode.swift; path = StudentInformation.swift; sourceTree = "<group>"; };
		F7DC13211BBA063100A73687 /* Roboto-Medium.ttf */ = {isa = PBXFileReference; lastKnownFileType = file; path = "Roboto-Medium.ttf"; sourceTree = "<group>"; };
		F7DC13221BBA063100A73687 /* Roboto-Regular.ttf */ = {isa = PBXFileReference; lastKnownFileType = file; path = "Roboto-Regular.ttf"; sourceTree = "<group>"; };
		F7DC13231BBA063100A73687 /* Roboto-Thin.ttf */ = {isa = PBXFileReference; lastKnownFileType = file; path = "Roboto-Thin.ttf"; sourceTree = "<group>"; };
		F7DC132A1BBA0F2500A73687 /* UdacityConstants.swift */ = {isa = PBXFileReference; fileEncoding = 4; lastKnownFileType = sourcecode.swift; path = UdacityConstants.swift; sourceTree = "<group>"; };
		F7DC132F1BBCA9C500A73687 /* MapKit.framework */ = {isa = PBXFileReference; lastKnownFileType = wrapper.framework; name = MapKit.framework; path = System/Library/Frameworks/MapKit.framework; sourceTree = SDKROOT; };
		F7DC13311BBCAA9600A73687 /* MapViewController.swift */ = {isa = PBXFileReference; fileEncoding = 4; lastKnownFileType = sourcecode.swift; path = MapViewController.swift; sourceTree = "<group>"; };
		F7DC13371BBDF1F300A73687 /* TabBarController.swift */ = {isa = PBXFileReference; fileEncoding = 4; lastKnownFileType = sourcecode.swift; path = TabBarController.swift; sourceTree = "<group>"; };
		F7DC133B1BBDF7AE00A73687 /* ParseConstants.swift */ = {isa = PBXFileReference; fileEncoding = 4; lastKnownFileType = sourcecode.swift; path = ParseConstants.swift; sourceTree = "<group>"; };
		F7DC133E1BC0412200A73687 /* ListViewController.swift */ = {isa = PBXFileReference; fileEncoding = 4; lastKnownFileType = sourcecode.swift; path = ListViewController.swift; sourceTree = "<group>"; };
		F7DC13411BC075ED00A73687 /* OnTheMapController.swift */ = {isa = PBXFileReference; fileEncoding = 4; lastKnownFileType = sourcecode.swift; path = OnTheMapController.swift; sourceTree = "<group>"; };
		F7DC13441BC087C100A73687 /* InformationPostingViewController.swift */ = {isa = PBXFileReference; fileEncoding = 4; lastKnownFileType = sourcecode.swift; path = InformationPostingViewController.swift; sourceTree = "<group>"; };
		F7DC13501BC0DC8100A73687 /* Bridging-Header.h */ = {isa = PBXFileReference; fileEncoding = 4; lastKnownFileType = sourcecode.c.h; path = "Bridging-Header.h"; sourceTree = "<group>"; };
		F7DC13541BC0DF2500A73687 /* FBSDKCoreKit.framework */ = {isa = PBXFileReference; lastKnownFileType = wrapper.framework; name = FBSDKCoreKit.framework; path = "../../Downloads/FacebookSDKs-iOS-20150813/FBSDKCoreKit.framework"; sourceTree = "<group>"; };
		F7DC13571BC0DF5100A73687 /* FBSDKLoginKit.framework */ = {isa = PBXFileReference; lastKnownFileType = wrapper.framework; name = FBSDKLoginKit.framework; path = "../../Downloads/FacebookSDKs-iOS-20150813/FBSDKLoginKit.framework"; sourceTree = "<group>"; };
		F7DC135A1BC0DF5D00A73687 /* Bolts.framework */ = {isa = PBXFileReference; lastKnownFileType = wrapper.framework; name = Bolts.framework; path = "../../Downloads/FacebookSDKs-iOS-20150813/Bolts.framework"; sourceTree = "<group>"; };
/* End PBXFileReference section */

/* Begin PBXFrameworksBuildPhase section */
		F7DC12ED1BB8924900A73687 /* Frameworks */ = {
			isa = PBXFrameworksBuildPhase;
			buildActionMask = 2147483647;
			files = (
				F7DC13301BBCA9C500A73687 /* MapKit.framework in Frameworks */,
				F7DC13551BC0DF2500A73687 /* FBSDKCoreKit.framework in Frameworks */,
				F7DC13581BC0DF5100A73687 /* FBSDKLoginKit.framework in Frameworks */,
				F7DC135B1BC0DF5D00A73687 /* Bolts.framework in Frameworks */,
			);
			runOnlyForDeploymentPostprocessing = 0;
		};
		F7DC13021BB8924A00A73687 /* Frameworks */ = {
			isa = PBXFrameworksBuildPhase;
			buildActionMask = 2147483647;
			files = (
				F7DC135C1BC0DF5D00A73687 /* Bolts.framework in Frameworks */,
				F7DC13591BC0DF5100A73687 /* FBSDKLoginKit.framework in Frameworks */,
				F7DC13561BC0DF2500A73687 /* FBSDKCoreKit.framework in Frameworks */,
			);
			runOnlyForDeploymentPostprocessing = 0;
		};
/* End PBXFrameworksBuildPhase section */

/* Begin PBXGroup section */
		F7DC12E71BB8924900A73687 = {
			isa = PBXGroup;
			children = (
				F7DC132F1BBCA9C500A73687 /* MapKit.framework */,
				F7DC12F21BB8924900A73687 /* OnTheMap */,
				F7DC13081BB8924A00A73687 /* OnTheMapTests */,
				F7DC12F11BB8924900A73687 /* Products */,
				F7DC135A1BC0DF5D00A73687 /* Bolts.framework */,
				F7DC13571BC0DF5100A73687 /* FBSDKLoginKit.framework */,
				F7DC13541BC0DF2500A73687 /* FBSDKCoreKit.framework */,
			);
			sourceTree = "<group>";
		};
		F7DC12F11BB8924900A73687 /* Products */ = {
			isa = PBXGroup;
			children = (
				F7DC12F01BB8924900A73687 /* OnTheMap.app */,
				F7DC13051BB8924A00A73687 /* OnTheMapTests.xctest */,
			);
			name = Products;
			sourceTree = "<group>";
		};
		F7DC12F21BB8924900A73687 /* OnTheMap */ = {
			isa = PBXGroup;
			children = (
				F7DC12F51BB8924900A73687 /* AppDelegate.swift */,
				F7DC13171BB9428100A73687 /* Model */,
				F7DC13161BB9427200A73687 /* Controller */,
				F7DC12F31BB8924900A73687 /* Supporting Files */,
				F7DC13501BC0DC8100A73687 /* Bridging-Header.h */,
			);
			path = OnTheMap;
			sourceTree = "<group>";
		};
		F7DC12F31BB8924900A73687 /* Supporting Files */ = {
			isa = PBXGroup;
			children = (
				F7DC13211BBA063100A73687 /* Roboto-Medium.ttf */,
				F7DC13221BBA063100A73687 /* Roboto-Regular.ttf */,
				F7DC13231BBA063100A73687 /* Roboto-Thin.ttf */,
				F7DC12FC1BB8924900A73687 /* Images.xcassets */,
				F7DC12F91BB8924900A73687 /* Main.storyboard */,
				F7DC12FE1BB8924900A73687 /* LaunchScreen.xib */,
				F7DC12F41BB8924900A73687 /* Info.plist */,
			);
			name = "Supporting Files";
			sourceTree = "<group>";
		};
		F7DC13081BB8924A00A73687 /* OnTheMapTests */ = {
			isa = PBXGroup;
			children = (
				F7DC130B1BB8924A00A73687 /* OnTheMapTests.swift */,
				F7DC13091BB8924A00A73687 /* Supporting Files */,
			);
			path = OnTheMapTests;
			sourceTree = "<group>";
		};
		F7DC13091BB8924A00A73687 /* Supporting Files */ = {
			isa = PBXGroup;
			children = (
				F7DC130A1BB8924A00A73687 /* Info.plist */,
			);
			name = "Supporting Files";
			sourceTree = "<group>";
		};
		F7DC13161BB9427200A73687 /* Controller */ = {
			isa = PBXGroup;
			children = (
				F7DC12F71BB8924900A73687 /* LoginViewController.swift */,
				F7DC13311BBCAA9600A73687 /* MapViewController.swift */,
				F7DC13371BBDF1F300A73687 /* TabBarController.swift */,
				F7DC133E1BC0412200A73687 /* ListViewController.swift */,
				F7DC13411BC075ED00A73687 /* OnTheMapController.swift */,
				F7DC13441BC087C100A73687 /* InformationPostingViewController.swift */,
			);
			name = Controller;
			sourceTree = "<group>";
		};
		F7DC13171BB9428100A73687 /* Model */ = {
			isa = PBXGroup;
			children = (
				F7DC132D1BBA0F2C00A73687 /* Udacity */,
				F7DC133A1BBDF76500A73687 /* Parse */,
			);
			name = Model;
			sourceTree = "<group>";
		};
		F7DC132D1BBA0F2C00A73687 /* Udacity */ = {
			isa = PBXGroup;
			children = (
				F7DC13181BB9437000A73687 /* UdacityClient.swift */,
				F7DC132A1BBA0F2500A73687 /* UdacityConstants.swift */,
			);
			name = Udacity;
			sourceTree = "<group>";
		};
		F7DC133A1BBDF76500A73687 /* Parse */ = {
			isa = PBXGroup;
			children = (
				F7DC131B1BB9438000A73687 /* ParseClient.swift */,
				F7DC133B1BBDF7AE00A73687 /* ParseConstants.swift */,
				F7DC131E1BB94FA300A73687 /* StudentInformation.swift */,
			);
			name = Parse;
			sourceTree = "<group>";
		};
/* End PBXGroup section */

/* Begin PBXNativeTarget section */
		F7DC12EF1BB8924900A73687 /* OnTheMap */ = {
			isa = PBXNativeTarget;
			buildConfigurationList = F7DC130F1BB8924A00A73687 /* Build configuration list for PBXNativeTarget "OnTheMap" */;
			buildPhases = (
				F7DC12EC1BB8924900A73687 /* Sources */,
				F7DC12ED1BB8924900A73687 /* Frameworks */,
				F7DC12EE1BB8924900A73687 /* Resources */,
			);
			buildRules = (
			);
			dependencies = (
			);
			name = OnTheMap;
			productName = OnTheMap;
			productReference = F7DC12F01BB8924900A73687 /* OnTheMap.app */;
			productType = "com.apple.product-type.application";
		};
		F7DC13041BB8924A00A73687 /* OnTheMapTests */ = {
			isa = PBXNativeTarget;
			buildConfigurationList = F7DC13121BB8924A00A73687 /* Build configuration list for PBXNativeTarget "OnTheMapTests" */;
			buildPhases = (
				F7DC13011BB8924A00A73687 /* Sources */,
				F7DC13021BB8924A00A73687 /* Frameworks */,
				F7DC13031BB8924A00A73687 /* Resources */,
			);
			buildRules = (
			);
			dependencies = (
				F7DC13071BB8924A00A73687 /* PBXTargetDependency */,
			);
			name = OnTheMapTests;
			productName = OnTheMapTests;
			productReference = F7DC13051BB8924A00A73687 /* OnTheMapTests.xctest */;
			productType = "com.apple.product-type.bundle.unit-test";
		};
/* End PBXNativeTarget section */

/* Begin PBXProject section */
		F7DC12E81BB8924900A73687 /* Project object */ = {
			isa = PBXProject;
			attributes = {
				LastUpgradeCheck = 0640;
				ORGANIZATIONNAME = "Rodrigo Webler";
				TargetAttributes = {
					F7DC12EF1BB8924900A73687 = {
						CreatedOnToolsVersion = 6.4;
						SystemCapabilities = {
							com.apple.Maps.iOS = {
								enabled = 1;
							};
						};
					};
					F7DC13041BB8924A00A73687 = {
						CreatedOnToolsVersion = 6.4;
						TestTargetID = F7DC12EF1BB8924900A73687;
					};
				};
			};
			buildConfigurationList = F7DC12EB1BB8924900A73687 /* Build configuration list for PBXProject "OnTheMap" */;
			compatibilityVersion = "Xcode 3.2";
			developmentRegion = English;
			hasScannedForEncodings = 0;
			knownRegions = (
				en,
				Base,
			);
			mainGroup = F7DC12E71BB8924900A73687;
			productRefGroup = F7DC12F11BB8924900A73687 /* Products */;
			projectDirPath = "";
			projectRoot = "";
			targets = (
				F7DC12EF1BB8924900A73687 /* OnTheMap */,
				F7DC13041BB8924A00A73687 /* OnTheMapTests */,
			);
		};
/* End PBXProject section */

/* Begin PBXResourcesBuildPhase section */
		F7DC12EE1BB8924900A73687 /* Resources */ = {
			isa = PBXResourcesBuildPhase;
			buildActionMask = 2147483647;
			files = (
				F7DC13241BBA063100A73687 /* Roboto-Medium.ttf in Resources */,
				F7DC12FB1BB8924900A73687 /* Main.storyboard in Resources */,
				F7DC13281BBA063100A73687 /* Roboto-Thin.ttf in Resources */,
				F7DC13261BBA063100A73687 /* Roboto-Regular.ttf in Resources */,
				F7DC13001BB8924900A73687 /* LaunchScreen.xib in Resources */,
				F7DC12FD1BB8924900A73687 /* Images.xcassets in Resources */,
			);
			runOnlyForDeploymentPostprocessing = 0;
		};
		F7DC13031BB8924A00A73687 /* Resources */ = {
			isa = PBXResourcesBuildPhase;
			buildActionMask = 2147483647;
			files = (
				F7DC13271BBA063100A73687 /* Roboto-Regular.ttf in Resources */,
				F7DC13251BBA063100A73687 /* Roboto-Medium.ttf in Resources */,
				F7DC13291BBA063100A73687 /* Roboto-Thin.ttf in Resources */,
			);
			runOnlyForDeploymentPostprocessing = 0;
		};
/* End PBXResourcesBuildPhase section */

/* Begin PBXSourcesBuildPhase section */
		F7DC12EC1BB8924900A73687 /* Sources */ = {
			isa = PBXSourcesBuildPhase;
			buildActionMask = 2147483647;
			files = (
				F7DC12F81BB8924900A73687 /* LoginViewController.swift in Sources */,
				F7DC13381BBDF1F300A73687 /* TabBarController.swift in Sources */,
				F7DC131C1BB9438000A73687 /* ParseClient.swift in Sources */,
				F7DC13421BC075ED00A73687 /* OnTheMapController.swift in Sources */,
				F7DC12F61BB8924900A73687 /* AppDelegate.swift in Sources */,
				F7DC131F1BB94FA300A73687 /* StudentInformation.swift in Sources */,
				F7DC13451BC087C100A73687 /* InformationPostingViewController.swift in Sources */,
				F7DC133C1BBDF7AE00A73687 /* ParseConstants.swift in Sources */,
				F7DC13191BB9437000A73687 /* UdacityClient.swift in Sources */,
				F7DC132B1BBA0F2500A73687 /* UdacityConstants.swift in Sources */,
				F7DC133F1BC0412200A73687 /* ListViewController.swift in Sources */,
				F7DC13321BBCAA9600A73687 /* MapViewController.swift in Sources */,
			);
			runOnlyForDeploymentPostprocessing = 0;
		};
		F7DC13011BB8924A00A73687 /* Sources */ = {
			isa = PBXSourcesBuildPhase;
			buildActionMask = 2147483647;
			files = (
				F7DC132E1BBA21B500A73687 /* LoginViewController.swift in Sources */,
				F7DC13391BBDF1F300A73687 /* TabBarController.swift in Sources */,
				F7DC13201BB94FA300A73687 /* StudentInformation.swift in Sources */,
				F7DC13431BC075ED00A73687 /* OnTheMapController.swift in Sources */,
				F7DC132C1BBA0F2500A73687 /* UdacityConstants.swift in Sources */,
				F7DC130C1BB8924A00A73687 /* OnTheMapTests.swift in Sources */,
				F7DC13461BC087C100A73687 /* InformationPostingViewController.swift in Sources */,
				F7DC133D1BBDF7AE00A73687 /* ParseConstants.swift in Sources */,
				F7DC131D1BB9438000A73687 /* ParseClient.swift in Sources */,
				F7DC131A1BB9437000A73687 /* UdacityClient.swift in Sources */,
				F7DC13401BC0412200A73687 /* ListViewController.swift in Sources */,
				F7DC13331BBCAA9600A73687 /* MapViewController.swift in Sources */,
			);
			runOnlyForDeploymentPostprocessing = 0;
		};
/* End PBXSourcesBuildPhase section */

/* Begin PBXTargetDependency section */
		F7DC13071BB8924A00A73687 /* PBXTargetDependency */ = {
			isa = PBXTargetDependency;
			target = F7DC12EF1BB8924900A73687 /* OnTheMap */;
			targetProxy = F7DC13061BB8924A00A73687 /* PBXContainerItemProxy */;
		};
/* End PBXTargetDependency section */

/* Begin PBXVariantGroup section */
		F7DC12F91BB8924900A73687 /* Main.storyboard */ = {
			isa = PBXVariantGroup;
			children = (
				F7DC12FA1BB8924900A73687 /* Base */,
			);
			name = Main.storyboard;
			sourceTree = "<group>";
		};
		F7DC12FE1BB8924900A73687 /* LaunchScreen.xib */ = {
			isa = PBXVariantGroup;
			children = (
				F7DC12FF1BB8924900A73687 /* Base */,
			);
			name = LaunchScreen.xib;
			sourceTree = "<group>";
		};
/* End PBXVariantGroup section */

/* Begin XCBuildConfiguration section */
		F7DC130D1BB8924A00A73687 /* Debug */ = {
			isa = XCBuildConfiguration;
			buildSettings = {
				ALWAYS_SEARCH_USER_PATHS = NO;
				CLANG_CXX_LANGUAGE_STANDARD = "gnu++0x";
				CLANG_CXX_LIBRARY = "libc++";
				CLANG_ENABLE_MODULES = YES;
				CLANG_ENABLE_OBJC_ARC = YES;
				CLANG_WARN_BOOL_CONVERSION = YES;
				CLANG_WARN_CONSTANT_CONVERSION = YES;
				CLANG_WARN_DIRECT_OBJC_ISA_USAGE = YES_ERROR;
				CLANG_WARN_EMPTY_BODY = YES;
				CLANG_WARN_ENUM_CONVERSION = YES;
				CLANG_WARN_INT_CONVERSION = YES;
				CLANG_WARN_OBJC_ROOT_CLASS = YES_ERROR;
				CLANG_WARN_UNREACHABLE_CODE = YES;
				CLANG_WARN__DUPLICATE_METHOD_MATCH = YES;
				"CODE_SIGN_IDENTITY[sdk=iphoneos*]" = "iPhone Developer";
				COPY_PHASE_STRIP = NO;
				DEBUG_INFORMATION_FORMAT = "dwarf-with-dsym";
				ENABLE_STRICT_OBJC_MSGSEND = YES;
				GCC_C_LANGUAGE_STANDARD = gnu99;
				GCC_DYNAMIC_NO_PIC = NO;
				GCC_NO_COMMON_BLOCKS = YES;
				GCC_OPTIMIZATION_LEVEL = 0;
				GCC_PREPROCESSOR_DEFINITIONS = (
					"DEBUG=1",
					"$(inherited)",
				);
				GCC_SYMBOLS_PRIVATE_EXTERN = NO;
				GCC_WARN_64_TO_32_BIT_CONVERSION = YES;
				GCC_WARN_ABOUT_RETURN_TYPE = YES_ERROR;
				GCC_WARN_UNDECLARED_SELECTOR = YES;
				GCC_WARN_UNINITIALIZED_AUTOS = YES_AGGRESSIVE;
				GCC_WARN_UNUSED_FUNCTION = YES;
				GCC_WARN_UNUSED_VARIABLE = YES;
				IPHONEOS_DEPLOYMENT_TARGET = 8.4;
				MTL_ENABLE_DEBUG_INFO = YES;
				ONLY_ACTIVE_ARCH = YES;
				SDKROOT = iphoneos;
				SWIFT_OPTIMIZATION_LEVEL = "-Onone";
			};
			name = Debug;
		};
		F7DC130E1BB8924A00A73687 /* Release */ = {
			isa = XCBuildConfiguration;
			buildSettings = {
				ALWAYS_SEARCH_USER_PATHS = NO;
				CLANG_CXX_LANGUAGE_STANDARD = "gnu++0x";
				CLANG_CXX_LIBRARY = "libc++";
				CLANG_ENABLE_MODULES = YES;
				CLANG_ENABLE_OBJC_ARC = YES;
				CLANG_WARN_BOOL_CONVERSION = YES;
				CLANG_WARN_CONSTANT_CONVERSION = YES;
				CLANG_WARN_DIRECT_OBJC_ISA_USAGE = YES_ERROR;
				CLANG_WARN_EMPTY_BODY = YES;
				CLANG_WARN_ENUM_CONVERSION = YES;
				CLANG_WARN_INT_CONVERSION = YES;
				CLANG_WARN_OBJC_ROOT_CLASS = YES_ERROR;
				CLANG_WARN_UNREACHABLE_CODE = YES;
				CLANG_WARN__DUPLICATE_METHOD_MATCH = YES;
				"CODE_SIGN_IDENTITY[sdk=iphoneos*]" = "iPhone Developer";
				COPY_PHASE_STRIP = NO;
				DEBUG_INFORMATION_FORMAT = "dwarf-with-dsym";
				ENABLE_NS_ASSERTIONS = NO;
				ENABLE_STRICT_OBJC_MSGSEND = YES;
				GCC_C_LANGUAGE_STANDARD = gnu99;
				GCC_NO_COMMON_BLOCKS = YES;
				GCC_WARN_64_TO_32_BIT_CONVERSION = YES;
				GCC_WARN_ABOUT_RETURN_TYPE = YES_ERROR;
				GCC_WARN_UNDECLARED_SELECTOR = YES;
				GCC_WARN_UNINITIALIZED_AUTOS = YES_AGGRESSIVE;
				GCC_WARN_UNUSED_FUNCTION = YES;
				GCC_WARN_UNUSED_VARIABLE = YES;
				IPHONEOS_DEPLOYMENT_TARGET = 8.4;
				MTL_ENABLE_DEBUG_INFO = NO;
				SDKROOT = iphoneos;
				VALIDATE_PRODUCT = YES;
			};
			name = Release;
		};
		F7DC13101BB8924A00A73687 /* Debug */ = {
			isa = XCBuildConfiguration;
			buildSettings = {
				ASSETCATALOG_COMPILER_APPICON_NAME = AppIcon;
				CODE_SIGN_IDENTITY = "iPhone Developer";
				FRAMEWORK_SEARCH_PATHS = (
					"$(inherited)",
					"$(PROJECT_DIR)",
					"/Users/scalablepath/Downloads/FacebookSDKs-iOS-20150910",
					"/Users/scalablepath/Downloads/FacebookSDKs-iOS-20150813",
				);
				INFOPLIST_FILE = OnTheMap/Info.plist;
				LD_RUNPATH_SEARCH_PATHS = "$(inherited) @executable_path/Frameworks";
				PRODUCT_NAME = "$(TARGET_NAME)";
				SWIFT_OBJC_BRIDGING_HEADER = "OnTheMap/Bridging-Header.h";
			};
			name = Debug;
		};
		F7DC13111BB8924A00A73687 /* Release */ = {
			isa = XCBuildConfiguration;
			buildSettings = {
				ASSETCATALOG_COMPILER_APPICON_NAME = AppIcon;
				CODE_SIGN_IDENTITY = "iPhone Developer";
				FRAMEWORK_SEARCH_PATHS = (
					"$(inherited)",
					"$(PROJECT_DIR)",
					"/Users/scalablepath/Downloads/FacebookSDKs-iOS-20150910",
					"/Users/scalablepath/Downloads/FacebookSDKs-iOS-20150813",
				);
				INFOPLIST_FILE = OnTheMap/Info.plist;
				LD_RUNPATH_SEARCH_PATHS = "$(inherited) @executable_path/Frameworks";
				PRODUCT_NAME = "$(TARGET_NAME)";
				SWIFT_OBJC_BRIDGING_HEADER = "OnTheMap/Bridging-Header.h";
			};
			name = Release;
		};
		F7DC13131BB8924A00A73687 /* Debug */ = {
			isa = XCBuildConfiguration;
			buildSettings = {
				BUNDLE_LOADER = "$(TEST_HOST)";
				FRAMEWORK_SEARCH_PATHS = (
					"$(SDKROOT)/Developer/Library/Frameworks",
					"$(inherited)",
					"$(PROJECT_DIR)",
					"/Users/scalablepath/Downloads/FacebookSDKs-iOS-20150910",
					"/Users/scalablepath/Downloads/FacebookSDKs-iOS-20150813",
				);
				GCC_PREPROCESSOR_DEFINITIONS = (
					"DEBUG=1",
					"$(inherited)",
				);
				INFOPLIST_FILE = OnTheMapTests/Info.plist;
				LD_RUNPATH_SEARCH_PATHS = "$(inherited) @executable_path/Frameworks @loader_path/Frameworks";
				PRODUCT_NAME = "$(TARGET_NAME)";
				TEST_HOST = "$(BUILT_PRODUCTS_DIR)/OnTheMap.app/OnTheMap";
			};
			name = Debug;
		};
		F7DC13141BB8924A00A73687 /* Release */ = {
			isa = XCBuildConfiguration;
			buildSettings = {
				BUNDLE_LOADER = "$(TEST_HOST)";
				FRAMEWORK_SEARCH_PATHS = (
					"$(SDKROOT)/Developer/Library/Frameworks",
					"$(inherited)",
					"$(PROJECT_DIR)",
					"/Users/scalablepath/Downloads/FacebookSDKs-iOS-20150910",
					"/Users/scalablepath/Downloads/FacebookSDKs-iOS-20150813",
				);
				INFOPLIST_FILE = OnTheMapTests/Info.plist;
				LD_RUNPATH_SEARCH_PATHS = "$(inherited) @executable_path/Frameworks @loader_path/Frameworks";
				PRODUCT_NAME = "$(TARGET_NAME)";
				TEST_HOST = "$(BUILT_PRODUCTS_DIR)/OnTheMap.app/OnTheMap";
			};
			name = Release;
		};
/* End XCBuildConfiguration section */

/* Begin XCConfigurationList section */
		F7DC12EB1BB8924900A73687 /* Build configuration list for PBXProject "OnTheMap" */ = {
			isa = XCConfigurationList;
			buildConfigurations = (
				F7DC130D1BB8924A00A73687 /* Debug */,
				F7DC130E1BB8924A00A73687 /* Release */,
			);
			defaultConfigurationIsVisible = 0;
			defaultConfigurationName = Release;
		};
		F7DC130F1BB8924A00A73687 /* Build configuration list for PBXNativeTarget "OnTheMap" */ = {
			isa = XCConfigurationList;
			buildConfigurations = (
				F7DC13101BB8924A00A73687 /* Debug */,
				F7DC13111BB8924A00A73687 /* Release */,
			);
			defaultConfigurationIsVisible = 0;
			defaultConfigurationName = Release;
		};
		F7DC13121BB8924A00A73687 /* Build configuration list for PBXNativeTarget "OnTheMapTests" */ = {
			isa = XCConfigurationList;
			buildConfigurations = (
				F7DC13131BB8924A00A73687 /* Debug */,
				F7DC13141BB8924A00A73687 /* Release */,
			);
			defaultConfigurationIsVisible = 0;
			defaultConfigurationName = Release;
		};
/* End XCConfigurationList section */
	};
	rootObject = F7DC12E81BB8924900A73687 /* Project object */;
}
